
Microsoft Visual Studio Solution File, Format Version 12.00
# Visual Studio 15
VisualStudioVersion = 15.0.27130.2020
MinimumVisualStudioVersion = 10.0.40219.1
Project("{888888A0-9F3D-457C-B088-3A5042F75D52}") = "competetive_datascience", "competetive_datascience\competetive_datascience.pyproj", "{3081E233-737D-4FD2-B442-82342E35573D}"
EndProject
Global
	GlobalSection(SolutionConfigurationPlatforms) = preSolution
		Debug|Any CPU = Debug|Any CPU
		Release|Any CPU = Release|Any CPU
	EndGlobalSection
	GlobalSection(ProjectConfigurationPlatforms) = postSolution
		{3081E233-737D-4FD2-B442-82342E35573D}.Debug|Any CPU.ActiveCfg = Debug|Any CPU
		{3081E233-737D-4FD2-B442-82342E35573D}.Release|Any CPU.ActiveCfg = Release|Any CPU
	EndGlobalSection
	GlobalSection(SolutionProperties) = preSolution
		HideSolutionNode = FALSE
	EndGlobalSection
	GlobalSection(ExtensibilityGlobals) = postSolution
		SolutionGuid = {65F6C366-F306-403D-90F6-1E62AA5BCECB}
	EndGlobalSection
EndGlobal
